
Microsoft Visual Studio Solution File, Format Version 12.00
# Visual Studio Version 16
VisualStudioVersion = 16.0.31613.86
MinimumVisualStudioVersion = 10.0.40219.1
Project("{FAE04EC0-301F-11D3-BF4B-00C04F79EFBC}") = "Homework9_week9_Project2", "Homework9_week9_Project2\Homework9_week9_Project2.csproj", "{1F21C864-A61A-4896-98EF-166F9032671D}"
EndProject
Global
	GlobalSection(SolutionConfigurationPlatforms) = preSolution
		Debug|Any CPU = Debug|Any CPU
		Release|Any CPU = Release|Any CPU
	EndGlobalSection
	GlobalSection(ProjectConfigurationPlatforms) = postSolution
		{1F21C864-A61A-4896-98EF-166F9032671D}.Debug|Any CPU.ActiveCfg = Debug|Any CPU
		{1F21C864-A61A-4896-98EF-166F9032671D}.Debug|Any CPU.Build.0 = Debug|Any CPU
		{1F21C864-A61A-4896-98EF-166F9032671D}.Release|Any CPU.ActiveCfg = Release|Any CPU
		{1F21C864-A61A-4896-98EF-166F9032671D}.Release|Any CPU.Build.0 = Release|Any CPU
	EndGlobalSection
	GlobalSection(SolutionProperties) = preSolution
		HideSolutionNode = FALSE
	EndGlobalSection
	GlobalSection(ExtensibilityGlobals) = postSolution
		SolutionGuid = {0953D086-4DAA-4DEC-A1DE-74243DFF84F6}
	EndGlobalSection
EndGlobal
